
Microsoft Visual Studio Solution File, Format Version 12.00
Project("{FAE04EC0-301F-11D3-BF4B-00C04F79EFBC}") = "Robert-CLI", "Robert-CLI\Robert-CLI.csproj", "{3CB9276B-3D77-409C-9F51-ACE504BBE547}"
EndProject
Global
	GlobalSection(SolutionConfigurationPlatforms) = preSolution
		Debug|Any CPU = Debug|Any CPU
		Release|Any CPU = Release|Any CPU
	EndGlobalSection
	GlobalSection(ProjectConfigurationPlatforms) = postSolution
		{3CB9276B-3D77-409C-9F51-ACE504BBE547}.Debug|Any CPU.ActiveCfg = Debug|Any CPU
		{3CB9276B-3D77-409C-9F51-ACE504BBE547}.Debug|Any CPU.Build.0 = Debug|Any CPU
		{3CB9276B-3D77-409C-9F51-ACE504BBE547}.Release|Any CPU.ActiveCfg = Release|Any CPU
		{3CB9276B-3D77-409C-9F51-ACE504BBE547}.Release|Any CPU.Build.0 = Release|Any CPU
	EndGlobalSection
EndGlobal
